// !$*UTF8*$!
{
	archiveVersion = 1;
	classes = {
	};
	objectVersion = 50;
	objects = {

/* Begin PBXBuildFile section */
		A13D27D34979C2803FAF274A /* Pods_SwiftRnApp.framework in Frameworks */ = {isa = PBXBuildFile; fileRef = A8AC65C8C7B563F77CBA7164 /* Pods_SwiftRnApp.framework */; };
		E82B1F2820B3B9B10049A355 /* bundles.zip in Resources */ = {isa = PBXBuildFile; fileRef = E82B1F2720B3B9B10049A355 /* bundles.zip */; };
		E85ABFC520B2DAA300847A65 /* RNViewController.swift in Sources */ = {isa = PBXBuildFile; fileRef = E85ABFC220B2DAA300847A65 /* RNViewController.swift */; };
		E85ABFC620B2DAA300847A65 /* CalendarManagerBridge.m in Sources */ = {isa = PBXBuildFile; fileRef = E85ABFC320B2DAA300847A65 /* CalendarManagerBridge.m */; };
		E85ABFC720B2DAA300847A65 /* CalendarManager.swift in Sources */ = {isa = PBXBuildFile; fileRef = E85ABFC420B2DAA300847A65 /* CalendarManager.swift */; };
		E85D507020AC13A50051ED8A /* AppDelegate.swift in Sources */ = {isa = PBXBuildFile; fileRef = E85D506F20AC13A50051ED8A /* AppDelegate.swift */; };
		E85D507220AC13A50051ED8A /* ViewController.swift in Sources */ = {isa = PBXBuildFile; fileRef = E85D507120AC13A50051ED8A /* ViewController.swift */; };
		E85D507520AC13A50051ED8A /* Main.storyboard in Resources */ = {isa = PBXBuildFile; fileRef = E85D507320AC13A50051ED8A /* Main.storyboard */; };
		E85D507820AC13A50051ED8A /* SwiftRnApp.xcdatamodeld in Sources */ = {isa = PBXBuildFile; fileRef = E85D507620AC13A50051ED8A /* SwiftRnApp.xcdatamodeld */; };
		E85D507A20AC13AA0051ED8A /* Assets.xcassets in Resources */ = {isa = PBXBuildFile; fileRef = E85D507920AC13AA0051ED8A /* Assets.xcassets */; };
		E85D507D20AC13AA0051ED8A /* LaunchScreen.storyboard in Resources */ = {isa = PBXBuildFile; fileRef = E85D507B20AC13AA0051ED8A /* LaunchScreen.storyboard */; };
/* End PBXBuildFile section */

/* Begin PBXFileReference section */
		A8AC65C8C7B563F77CBA7164 /* Pods_SwiftRnApp.framework */ = {isa = PBXFileReference; explicitFileType = wrapper.framework; includeInIndex = 0; path = Pods_SwiftRnApp.framework; sourceTree = BUILT_PRODUCTS_DIR; };
		B938FE789BBC3BA6BBDCC460 /* Pods-SwiftRnApp.debug.xcconfig */ = {isa = PBXFileReference; includeInIndex = 1; lastKnownFileType = text.xcconfig; name = "Pods-SwiftRnApp.debug.xcconfig"; path = "Pods/Target Support Files/Pods-SwiftRnApp/Pods-SwiftRnApp.debug.xcconfig"; sourceTree = "<group>"; };
		E82B1F2720B3B9B10049A355 /* bundles.zip */ = {isa = PBXFileReference; lastKnownFileType = archive.zip; name = bundles.zip; path = RNComponent/bundles.zip; sourceTree = SOURCE_ROOT; };
		E85ABFC220B2DAA300847A65 /* RNViewController.swift */ = {isa = PBXFileReference; fileEncoding = 4; lastKnownFileType = sourcecode.swift; path = RNViewController.swift; sourceTree = "<group>"; };
		E85ABFC320B2DAA300847A65 /* CalendarManagerBridge.m */ = {isa = PBXFileReference; fileEncoding = 4; lastKnownFileType = sourcecode.c.objc; path = CalendarManagerBridge.m; sourceTree = "<group>"; };
		E85ABFC420B2DAA300847A65 /* CalendarManager.swift */ = {isa = PBXFileReference; fileEncoding = 4; lastKnownFileType = sourcecode.swift; path = CalendarManager.swift; sourceTree = "<group>"; };
		E85D506C20AC13A50051ED8A /* SwiftRnApp.app */ = {isa = PBXFileReference; explicitFileType = wrapper.application; includeInIndex = 0; path = SwiftRnApp.app; sourceTree = BUILT_PRODUCTS_DIR; };
		E85D506F20AC13A50051ED8A /* AppDelegate.swift */ = {isa = PBXFileReference; lastKnownFileType = sourcecode.swift; path = AppDelegate.swift; sourceTree = "<group>"; };
		E85D507120AC13A50051ED8A /* ViewController.swift */ = {isa = PBXFileReference; lastKnownFileType = sourcecode.swift; path = ViewController.swift; sourceTree = "<group>"; };
		E85D507420AC13A50051ED8A /* Base */ = {isa = PBXFileReference; lastKnownFileType = file.storyboard; name = Base; path = Base.lproj/Main.storyboard; sourceTree = "<group>"; };
		E85D507720AC13A50051ED8A /* SwiftRnApp.xcdatamodel */ = {isa = PBXFileReference; lastKnownFileType = wrapper.xcdatamodel; path = SwiftRnApp.xcdatamodel; sourceTree = "<group>"; };
		E85D507920AC13AA0051ED8A /* Assets.xcassets */ = {isa = PBXFileReference; lastKnownFileType = folder.assetcatalog; path = Assets.xcassets; sourceTree = "<group>"; };
		E85D507C20AC13AA0051ED8A /* Base */ = {isa = PBXFileReference; lastKnownFileType = file.storyboard; name = Base; path = Base.lproj/LaunchScreen.storyboard; sourceTree = "<group>"; };
		E85D507E20AC13AA0051ED8A /* Info.plist */ = {isa = PBXFileReference; lastKnownFileType = text.plist.xml; path = Info.plist; sourceTree = "<group>"; };
		FD4ECE42C335F4B754903E77 /* Pods-SwiftRnApp.release.xcconfig */ = {isa = PBXFileReference; includeInIndex = 1; lastKnownFileType = text.xcconfig; name = "Pods-SwiftRnApp.release.xcconfig"; path = "Pods/Target Support Files/Pods-SwiftRnApp/Pods-SwiftRnApp.release.xcconfig"; sourceTree = "<group>"; };
/* End PBXFileReference section */

/* Begin PBXFrameworksBuildPhase section */
		E85D506920AC13A50051ED8A /* Frameworks */ = {
			isa = PBXFrameworksBuildPhase;
			buildActionMask = 2147483647;
			files = (
				A13D27D34979C2803FAF274A /* Pods_SwiftRnApp.framework in Frameworks */,
			);
			runOnlyForDeploymentPostprocessing = 0;
		};
/* End PBXFrameworksBuildPhase section */

/* Begin PBXGroup section */
		1F9A6423F378F173AB5DB29A /* Pods */ = {
			isa = PBXGroup;
			children = (
				B938FE789BBC3BA6BBDCC460 /* Pods-SwiftRnApp.debug.xcconfig */,
				FD4ECE42C335F4B754903E77 /* Pods-SwiftRnApp.release.xcconfig */,
			);
			name = Pods;
			sourceTree = "<group>";
		};
		662A7E8075C29C31455475E9 /* Frameworks */ = {
			isa = PBXGroup;
			children = (
				A8AC65C8C7B563F77CBA7164 /* Pods_SwiftRnApp.framework */,
			);
			name = Frameworks;
			sourceTree = "<group>";
		};
		E85ABFC120B2DAA300847A65 /* RNFile */ = {
			isa = PBXGroup;
			children = (
				E85ABFC220B2DAA300847A65 /* RNViewController.swift */,
				E85ABFC420B2DAA300847A65 /* CalendarManager.swift */,
				E85ABFC320B2DAA300847A65 /* CalendarManagerBridge.m */,
			);
			path = RNFile;
			sourceTree = "<group>";
		};
		E85D506320AC13A50051ED8A = {
			isa = PBXGroup;
			children = (
				E85D506E20AC13A50051ED8A /* SwiftRnApp */,
				E85D506D20AC13A50051ED8A /* Products */,
				1F9A6423F378F173AB5DB29A /* Pods */,
				662A7E8075C29C31455475E9 /* Frameworks */,
			);
			sourceTree = "<group>";
		};
		E85D506D20AC13A50051ED8A /* Products */ = {
			isa = PBXGroup;
			children = (
				E85D506C20AC13A50051ED8A /* SwiftRnApp.app */,
			);
			name = Products;
			sourceTree = "<group>";
		};
		E85D506E20AC13A50051ED8A /* SwiftRnApp */ = {
			isa = PBXGroup;
			children = (
				E82B1F2720B3B9B10049A355 /* bundles.zip */,
				E85ABFC120B2DAA300847A65 /* RNFile */,
				E85D506F20AC13A50051ED8A /* AppDelegate.swift */,
				E85D507120AC13A50051ED8A /* ViewController.swift */,
				E85D507320AC13A50051ED8A /* Main.storyboard */,
				E85D507920AC13AA0051ED8A /* Assets.xcassets */,
				E85D507B20AC13AA0051ED8A /* LaunchScreen.storyboard */,
				E85D507E20AC13AA0051ED8A /* Info.plist */,
				E85D507620AC13A50051ED8A /* SwiftRnApp.xcdatamodeld */,
			);
			path = SwiftRnApp;
			sourceTree = "<group>";
		};
/* End PBXGroup section */

/* Begin PBXNativeTarget section */
		E85D506B20AC13A50051ED8A /* SwiftRnApp */ = {
			isa = PBXNativeTarget;
			buildConfigurationList = E85D508120AC13AA0051ED8A /* Build configuration list for PBXNativeTarget "SwiftRnApp" */;
			buildPhases = (
				99DEA7563955ECCED4DF37BA /* [CP] Check Pods Manifest.lock */,
				E85D506820AC13A50051ED8A /* Sources */,
				E85D506920AC13A50051ED8A /* Frameworks */,
				E85D506A20AC13A50051ED8A /* Resources */,
				63608E2F6241AE536350813B /* [CP] Embed Pods Frameworks */,
			);
			buildRules = (
			);
			dependencies = (
			);
			name = SwiftRnApp;
			productName = SwiftRnApp;
			productReference = E85D506C20AC13A50051ED8A /* SwiftRnApp.app */;
			productType = "com.apple.product-type.application";
		};
/* End PBXNativeTarget section */

/* Begin PBXProject section */
		E85D506420AC13A50051ED8A /* Project object */ = {
			isa = PBXProject;
			attributes = {
				LastSwiftUpdateCheck = 0930;
				LastUpgradeCheck = 0930;
				ORGANIZATIONNAME = Roo;
				TargetAttributes = {
					E85D506B20AC13A50051ED8A = {
						CreatedOnToolsVersion = 9.3;
					};
				};
			};
			buildConfigurationList = E85D506720AC13A50051ED8A /* Build configuration list for PBXProject "SwiftRnApp" */;
			compatibilityVersion = "Xcode 9.3";
			developmentRegion = en;
			hasScannedForEncodings = 0;
			knownRegions = (
				en,
				Base,
			);
			mainGroup = E85D506320AC13A50051ED8A;
			productRefGroup = E85D506D20AC13A50051ED8A /* Products */;
			projectDirPath = "";
			projectRoot = "";
			targets = (
				E85D506B20AC13A50051ED8A /* SwiftRnApp */,
			);
		};
/* End PBXProject section */

/* Begin PBXResourcesBuildPhase section */
		E85D506A20AC13A50051ED8A /* Resources */ = {
			isa = PBXResourcesBuildPhase;
			buildActionMask = 2147483647;
			files = (
				E85D507D20AC13AA0051ED8A /* LaunchScreen.storyboard in Resources */,
				E82B1F2820B3B9B10049A355 /* bundles.zip in Resources */,
				E85D507A20AC13AA0051ED8A /* Assets.xcassets in Resources */,
				E85D507520AC13A50051ED8A /* Main.storyboard in Resources */,
			);
			runOnlyForDeploymentPostprocessing = 0;
		};
/* End PBXResourcesBuildPhase section */

/* Begin PBXShellScriptBuildPhase section */
		63608E2F6241AE536350813B /* [CP] Embed Pods Frameworks */ = {
			isa = PBXShellScriptBuildPhase;
			buildActionMask = 2147483647;
			files = (
			);
			inputPaths = (
				"${SRCROOT}/Pods/Target Support Files/Pods-SwiftRnApp/Pods-SwiftRnApp-frameworks.sh",
				"${BUILT_PRODUCTS_DIR}/DoubleConversion/DoubleConversion.framework",
				"${BUILT_PRODUCTS_DIR}/Folly/folly.framework",
				"${BUILT_PRODUCTS_DIR}/React/React.framework",
				"${BUILT_PRODUCTS_DIR}/Zip/Zip.framework",
				"${BUILT_PRODUCTS_DIR}/glog/glog.framework",
				"${BUILT_PRODUCTS_DIR}/yoga/yoga.framework",
			);
			name = "[CP] Embed Pods Frameworks";
			outputPaths = (
				"${TARGET_BUILD_DIR}/${FRAMEWORKS_FOLDER_PATH}/DoubleConversion.framework",
				"${TARGET_BUILD_DIR}/${FRAMEWORKS_FOLDER_PATH}/folly.framework",
				"${TARGET_BUILD_DIR}/${FRAMEWORKS_FOLDER_PATH}/React.framework",
				"${TARGET_BUILD_DIR}/${FRAMEWORKS_FOLDER_PATH}/Zip.framework",
				"${TARGET_BUILD_DIR}/${FRAMEWORKS_FOLDER_PATH}/glog.framework",
				"${TARGET_BUILD_DIR}/${FRAMEWORKS_FOLDER_PATH}/yoga.framework",
			);
			runOnlyForDeploymentPostprocessing = 0;
			shellPath = /bin/sh;
			shellScript = "\"${SRCROOT}/Pods/Target Support Files/Pods-SwiftRnApp/Pods-SwiftRnApp-frameworks.sh\"\n";
			showEnvVarsInLog = 0;
		};
		99DEA7563955ECCED4DF37BA /* [CP] Check Pods Manifest.lock */ = {
			isa = PBXShellScriptBuildPhase;
			buildActionMask = 2147483647;
			files = (
			);
			inputPaths = (
				"${PODS_PODFILE_DIR_PATH}/Podfile.lock",
				"${PODS_ROOT}/Manifest.lock",
			);
			name = "[CP] Check Pods Manifest.lock";
			outputPaths = (
				"$(DERIVED_FILE_DIR)/Pods-SwiftRnApp-checkManifestLockResult.txt",
			);
			runOnlyForDeploymentPostprocessing = 0;
			shellPath = /bin/sh;
			shellScript = "diff \"${PODS_PODFILE_DIR_PATH}/Podfile.lock\" \"${PODS_ROOT}/Manifest.lock\" > /dev/null\nif [ $? != 0 ] ; then\n    # print error to STDERR\n    echo \"error: The sandbox is not in sync with the Podfile.lock. Run 'pod install' or update your CocoaPods installation.\" >&2\n    exit 1\nfi\n# This output is used by Xcode 'outputs' to avoid re-running this script phase.\necho \"SUCCESS\" > \"${SCRIPT_OUTPUT_FILE_0}\"\n";
			showEnvVarsInLog = 0;
		};
/* End PBXShellScriptBuildPhase section */

/* Begin PBXSourcesBuildPhase section */
		E85D506820AC13A50051ED8A /* Sources */ = {
			isa = PBXSourcesBuildPhase;
			buildActionMask = 2147483647;
			files = (
				E85ABFC520B2DAA300847A65 /* RNViewController.swift in Sources */,
				E85ABFC620B2DAA300847A65 /* CalendarManagerBridge.m in Sources */,
				E85D507220AC13A50051ED8A /* ViewController.swift in Sources */,
				E85ABFC720B2DAA300847A65 /* CalendarManager.swift in Sources */,
				E85D507020AC13A50051ED8A /* AppDelegate.swift in Sources */,
				E85D507820AC13A50051ED8A /* SwiftRnApp.xcdatamodeld in Sources */,
			);
			runOnlyForDeploymentPostprocessing = 0;
		};
/* End PBXSourcesBuildPhase section */

/* Begin PBXVariantGroup section */
		E85D507320AC13A50051ED8A /* Main.storyboard */ = {
			isa = PBXVariantGroup;
			children = (
				E85D507420AC13A50051ED8A /* Base */,
			);
			name = Main.storyboard;
			sourceTree = "<group>";
		};
		E85D507B20AC13AA0051ED8A /* LaunchScreen.storyboard */ = {
			isa = PBXVariantGroup;
			children = (
				E85D507C20AC13AA0051ED8A /* Base */,
			);
			name = LaunchScreen.storyboard;
			sourceTree = "<group>";
		};
/* End PBXVariantGroup section */

/* Begin XCBuildConfiguration section */
		E85D507F20AC13AA0051ED8A /* Debug */ = {
			isa = XCBuildConfiguration;
			buildSettings = {
				ALWAYS_SEARCH_USER_PATHS = NO;
				CLANG_ANALYZER_NONNULL = YES;
				CLANG_ANALYZER_NUMBER_OBJECT_CONVERSION = YES_AGGRESSIVE;
				CLANG_CXX_LANGUAGE_STANDARD = "gnu++14";
				CLANG_CXX_LIBRARY = "libc++";
				CLANG_ENABLE_MODULES = YES;
				CLANG_ENABLE_OBJC_ARC = YES;
				CLANG_ENABLE_OBJC_WEAK = YES;
				CLANG_WARN_BLOCK_CAPTURE_AUTORELEASING = YES;
				CLANG_WARN_BOOL_CONVERSION = YES;
				CLANG_WARN_COMMA = YES;
				CLANG_WARN_CONSTANT_CONVERSION = YES;
				CLANG_WARN_DEPRECATED_OBJC_IMPLEMENTATIONS = YES;
				CLANG_WARN_DIRECT_OBJC_ISA_USAGE = YES_ERROR;
				CLANG_WARN_DOCUMENTATION_COMMENTS = YES;
				CLANG_WARN_EMPTY_BODY = YES;
				CLANG_WARN_ENUM_CONVERSION = YES;
				CLANG_WARN_INFINITE_RECURSION = YES;
				CLANG_WARN_INT_CONVERSION = YES;
				CLANG_WARN_NON_LITERAL_NULL_CONVERSION = YES;
				CLANG_WARN_OBJC_IMPLICIT_RETAIN_SELF = YES;
				CLANG_WARN_OBJC_LITERAL_CONVERSION = YES;
				CLANG_WARN_OBJC_ROOT_CLASS = YES_ERROR;
				CLANG_WARN_RANGE_LOOP_ANALYSIS = YES;
				CLANG_WARN_STRICT_PROTOTYPES = YES;
				CLANG_WARN_SUSPICIOUS_MOVE = YES;
				CLANG_WARN_UNGUARDED_AVAILABILITY = YES_AGGRESSIVE;
				CLANG_WARN_UNREACHABLE_CODE = YES;
				CLANG_WARN__DUPLICATE_METHOD_MATCH = YES;
				CODE_SIGN_IDENTITY = "iPhone Developer";
				COPY_PHASE_STRIP = NO;
				DEBUG_INFORMATION_FORMAT = dwarf;
				ENABLE_STRICT_OBJC_MSGSEND = YES;
				ENABLE_TESTABILITY = YES;
				GCC_C_LANGUAGE_STANDARD = gnu11;
				GCC_DYNAMIC_NO_PIC = NO;
				GCC_NO_COMMON_BLOCKS = YES;
				GCC_OPTIMIZATION_LEVEL = 0;
				GCC_PREPROCESSOR_DEFINITIONS = (
					"DEBUG=1",
					"$(inherited)",
				);
				GCC_WARN_64_TO_32_BIT_CONVERSION = YES;
				GCC_WARN_ABOUT_RETURN_TYPE = YES_ERROR;
				GCC_WARN_UNDECLARED_SELECTOR = YES;
				GCC_WARN_UNINITIALIZED_AUTOS = YES_AGGRESSIVE;
				GCC_WARN_UNUSED_FUNCTION = YES;
				GCC_WARN_UNUSED_VARIABLE = YES;
				IPHONEOS_DEPLOYMENT_TARGET = 11.3;
				MTL_ENABLE_DEBUG_INFO = YES;
				ONLY_ACTIVE_ARCH = YES;
				SDKROOT = iphoneos;
				SWIFT_ACTIVE_COMPILATION_CONDITIONS = DEBUG;
				SWIFT_OPTIMIZATION_LEVEL = "-Onone";
			};
			name = Debug;
		};
		E85D508020AC13AA0051ED8A /* Release */ = {
			isa = XCBuildConfiguration;
			buildSettings = {
				ALWAYS_SEARCH_USER_PATHS = NO;
				CLANG_ANALYZER_NONNULL = YES;
				CLANG_ANALYZER_NUMBER_OBJECT_CONVERSION = YES_AGGRESSIVE;
				CLANG_CXX_LANGUAGE_STANDARD = "gnu++14";
				CLANG_CXX_LIBRARY = "libc++";
				CLANG_ENABLE_MODULES = YES;
				CLANG_ENABLE_OBJC_ARC = YES;
				CLANG_ENABLE_OBJC_WEAK = YES;
				CLANG_WARN_BLOCK_CAPTURE_AUTORELEASING = YES;
				CLANG_WARN_BOOL_CONVERSION = YES;
				CLANG_WARN_COMMA = YES;
				CLANG_WARN_CONSTANT_CONVERSION = YES;
				CLANG_WARN_DEPRECATED_OBJC_IMPLEMENTATIONS = YES;
				CLANG_WARN_DIRECT_OBJC_ISA_USAGE = YES_ERROR;
				CLANG_WARN_DOCUMENTATION_COMMENTS = YES;
				CLANG_WARN_EMPTY_BODY = YES;
				CLANG_WARN_ENUM_CONVERSION = YES;
				CLANG_WARN_INFINITE_RECURSION = YES;
				CLANG_WARN_INT_CONVERSION = YES;
				CLANG_WARN_NON_LITERAL_NULL_CONVERSION = YES;
				CLANG_WARN_OBJC_IMPLICIT_RETAIN_SELF = YES;
				CLANG_WARN_OBJC_LITERAL_CONVERSION = YES;
				CLANG_WARN_OBJC_ROOT_CLASS = YES_ERROR;
				CLANG_WARN_RANGE_LOOP_ANALYSIS = YES;
				CLANG_WARN_STRICT_PROTOTYPES = YES;
				CLANG_WARN_SUSPICIOUS_MOVE = YES;
				CLANG_WARN_UNGUARDED_AVAILABILITY = YES_AGGRESSIVE;
				CLANG_WARN_UNREACHABLE_CODE = YES;
				CLANG_WARN__DUPLICATE_METHOD_MATCH = YES;
				CODE_SIGN_IDENTITY = "iPhone Developer";
				COPY_PHASE_STRIP = NO;
				DEBUG_INFORMATION_FORMAT = "dwarf-with-dsym";
				ENABLE_NS_ASSERTIONS = NO;
				ENABLE_STRICT_OBJC_MSGSEND = YES;
				GCC_C_LANGUAGE_STANDARD = gnu11;
				GCC_NO_COMMON_BLOCKS = YES;
				GCC_WARN_64_TO_32_BIT_CONVERSION = YES;
				GCC_WARN_ABOUT_RETURN_TYPE = YES_ERROR;
				GCC_WARN_UNDECLARED_SELECTOR = YES;
				GCC_WARN_UNINITIALIZED_AUTOS = YES_AGGRESSIVE;
				GCC_WARN_UNUSED_FUNCTION = YES;
				GCC_WARN_UNUSED_VARIABLE = YES;
				IPHONEOS_DEPLOYMENT_TARGET = 11.3;
				MTL_ENABLE_DEBUG_INFO = NO;
				SDKROOT = iphoneos;
				SWIFT_COMPILATION_MODE = wholemodule;
				SWIFT_OPTIMIZATION_LEVEL = "-O";
				VALIDATE_PRODUCT = YES;
			};
			name = Release;
		};
		E85D508220AC13AA0051ED8A /* Debug */ = {
			isa = XCBuildConfiguration;
			baseConfigurationReference = B938FE789BBC3BA6BBDCC460 /* Pods-SwiftRnApp.debug.xcconfig */;
			buildSettings = {
				ASSETCATALOG_COMPILER_APPICON_NAME = AppIcon;
				CODE_SIGN_STYLE = Automatic;
				INFOPLIST_FILE = SwiftRnApp/Info.plist;
				LD_RUNPATH_SEARCH_PATHS = (
					"$(inherited)",
					"@executable_path/Frameworks",
				);
				PRODUCT_BUNDLE_IDENTIFIER = com.SwiftRnApp;
				PRODUCT_NAME = "$(TARGET_NAME)";
				SWIFT_VERSION = 4.0;
				TARGETED_DEVICE_FAMILY = "1,2";
			};
			name = Debug;
		};
		E85D508320AC13AA0051ED8A /* Release */ = {
			isa = XCBuildConfiguration;
			baseConfigurationReference = FD4ECE42C335F4B754903E77 /* Pods-SwiftRnApp.release.xcconfig */;
			buildSettings = {
				ASSETCATALOG_COMPILER_APPICON_NAME = AppIcon;
				CODE_SIGN_STYLE = Automatic;
				INFOPLIST_FILE = SwiftRnApp/Info.plist;
				LD_RUNPATH_SEARCH_PATHS = (
					"$(inherited)",
					"@executable_path/Frameworks",
				);
				PRODUCT_BUNDLE_IDENTIFIER = com.SwiftRnApp;
				PRODUCT_NAME = "$(TARGET_NAME)";
				SWIFT_VERSION = 4.0;
				TARGETED_DEVICE_FAMILY = "1,2";
			};
			name = Release;
		};
/* End XCBuildConfiguration section */

/* Begin XCConfigurationList section */
		E85D506720AC13A50051ED8A /* Build configuration list for PBXProject "SwiftRnApp" */ = {
			isa = XCConfigurationList;
			buildConfigurations = (
				E85D507F20AC13AA0051ED8A /* Debug */,
				E85D508020AC13AA0051ED8A /* Release */,
			);
			defaultConfigurationIsVisible = 0;
			defaultConfigurationName = Release;
		};
		E85D508120AC13AA0051ED8A /* Build configuration list for PBXNativeTarget "SwiftRnApp" */ = {
			isa = XCConfigurationList;
			buildConfigurations = (
				E85D508220AC13AA0051ED8A /* Debug */,
				E85D508320AC13AA0051ED8A /* Release */,
			);
			defaultConfigurationIsVisible = 0;
			defaultConfigurationName = Release;
		};
/* End XCConfigurationList section */

/* Begin XCVersionGroup section */
		E85D507620AC13A50051ED8A /* SwiftRnApp.xcdatamodeld */ = {
			isa = XCVersionGroup;
			children = (
				E85D507720AC13A50051ED8A /* SwiftRnApp.xcdatamodel */,
			);
			currentVersion = E85D507720AC13A50051ED8A /* SwiftRnApp.xcdatamodel */;
			path = SwiftRnApp.xcdatamodeld;
			sourceTree = "<group>";
			versionGroupType = wrapper.xcdatamodel;
		};
/* End XCVersionGroup section */
	};
	rootObject = E85D506420AC13A50051ED8A /* Project object */;
}
